
Microsoft Visual Studio Solution File, Format Version 12.00
# Visual Studio Version 17
VisualStudioVersion = 17.11.35327.3
MinimumVisualStudioVersion = 10.0.40219.1
Project("{FAE04EC0-301F-11D3-BF4B-00C04F79EFBC}") = "GoogleKeepApiProject", "GoogleKeepApiProject\GoogleKeepApiProject.csproj", "{B23AD54E-B455-411A-95E0-7A841BE6D4DD}"
EndProject
Global
	GlobalSection(SolutionConfigurationPlatforms) = preSolution
		Debug|Any CPU = Debug|Any CPU
		Release|Any CPU = Release|Any CPU
	EndGlobalSection
	GlobalSection(ProjectConfigurationPlatforms) = postSolution
		{B23AD54E-B455-411A-95E0-7A841BE6D4DD}.Debug|Any CPU.ActiveCfg = Debug|Any CPU
		{B23AD54E-B455-411A-95E0-7A841BE6D4DD}.Debug|Any CPU.Build.0 = Debug|Any CPU
		{B23AD54E-B455-411A-95E0-7A841BE6D4DD}.Release|Any CPU.ActiveCfg = Release|Any CPU
		{B23AD54E-B455-411A-95E0-7A841BE6D4DD}.Release|Any CPU.Build.0 = Release|Any CPU
	EndGlobalSection
	GlobalSection(SolutionProperties) = preSolution
		HideSolutionNode = FALSE
	EndGlobalSection
	GlobalSection(ExtensibilityGlobals) = postSolution
		SolutionGuid = {45C05C34-AE93-4F24-895F-DA92F61A567D}
	EndGlobalSection
EndGlobal
